
Microsoft Visual Studio Solution File, Format Version 12.00
# Visual Studio Version 16
VisualStudioVersion = 16.0.30711.63
MinimumVisualStudioVersion = 10.0.40219.1
Project("{FAE04EC0-301F-11D3-BF4B-00C04F79EFBC}") = "RobotsVsDinos", "RobotsVsDinos\RobotsVsDinos.csproj", "{0938BCCC-511B-44F5-85DE-DFEC49AEBEB9}"
EndProject
Global
	GlobalSection(SolutionConfigurationPlatforms) = preSolution
		Debug|Any CPU = Debug|Any CPU
		Release|Any CPU = Release|Any CPU
	EndGlobalSection
	GlobalSection(ProjectConfigurationPlatforms) = postSolution
		{0938BCCC-511B-44F5-85DE-DFEC49AEBEB9}.Debug|Any CPU.ActiveCfg = Debug|Any CPU
		{0938BCCC-511B-44F5-85DE-DFEC49AEBEB9}.Debug|Any CPU.Build.0 = Debug|Any CPU
		{0938BCCC-511B-44F5-85DE-DFEC49AEBEB9}.Release|Any CPU.ActiveCfg = Release|Any CPU
		{0938BCCC-511B-44F5-85DE-DFEC49AEBEB9}.Release|Any CPU.Build.0 = Release|Any CPU
	EndGlobalSection
	GlobalSection(SolutionProperties) = preSolution
		HideSolutionNode = FALSE
	EndGlobalSection
	GlobalSection(ExtensibilityGlobals) = postSolution
		SolutionGuid = {A0FE0E03-B159-43E6-AE55-CC487E5630B5}
	EndGlobalSection
EndGlobal
